
Microsoft Visual Studio Solution File, Format Version 12.00
# Visual Studio Version 17
VisualStudioVersion = 17.3.32929.385
MinimumVisualStudioVersion = 10.0.40219.1
Project("{9A19103F-16F7-4668-BE54-9A1E7A4F7556}") = "employeesServer", "employeesServer.csproj", "{C4A40B47-FF01-4651-A12A-331E9BFC5907}"
EndProject
Project("{2150E333-8FDC-42A3-9474-1A3956D46DE8}") = "Solution Items", "Solution Items", "{108E6E62-B9D1-41E9-90B5-5344B5C55D9C}"
	ProjectSection(SolutionItems) = preProject
		.env = .env
	EndProjectSection
EndProject
Project("{E53339B2-1760-4266-BCC7-CA923CBCF16C}") = "docker-compose", "docker-compose.dcproj", "{3B18C7AE-532C-472F-B0FB-FC6842BDD4D5}"
EndProject
Global
	GlobalSection(SolutionConfigurationPlatforms) = preSolution
		Debug|Any CPU = Debug|Any CPU
		Release|Any CPU = Release|Any CPU
	EndGlobalSection
	GlobalSection(ProjectConfigurationPlatforms) = postSolution
		{C4A40B47-FF01-4651-A12A-331E9BFC5907}.Debug|Any CPU.ActiveCfg = Debug|Any CPU
		{C4A40B47-FF01-4651-A12A-331E9BFC5907}.Debug|Any CPU.Build.0 = Debug|Any CPU
		{C4A40B47-FF01-4651-A12A-331E9BFC5907}.Release|Any CPU.ActiveCfg = Release|Any CPU
		{C4A40B47-FF01-4651-A12A-331E9BFC5907}.Release|Any CPU.Build.0 = Release|Any CPU
		{3B18C7AE-532C-472F-B0FB-FC6842BDD4D5}.Debug|Any CPU.ActiveCfg = Debug|Any CPU
		{3B18C7AE-532C-472F-B0FB-FC6842BDD4D5}.Debug|Any CPU.Build.0 = Debug|Any CPU
		{3B18C7AE-532C-472F-B0FB-FC6842BDD4D5}.Release|Any CPU.ActiveCfg = Release|Any CPU
		{3B18C7AE-532C-472F-B0FB-FC6842BDD4D5}.Release|Any CPU.Build.0 = Release|Any CPU
	EndGlobalSection
	GlobalSection(SolutionProperties) = preSolution
		HideSolutionNode = FALSE
	EndGlobalSection
	GlobalSection(ExtensibilityGlobals) = postSolution
		SolutionGuid = {7F384A52-7B65-42A7-84DA-7D14EF172BD7}
	EndGlobalSection
EndGlobal
